
Microsoft Visual Studio Solution File, Format Version 12.00
# Visual Studio 15
VisualStudioVersion = 15.0.27130.2027
MinimumVisualStudioVersion = 10.0.40219.1
Project("{FAE04EC0-301F-11D3-BF4B-00C04F79EFBC}") = "TesteBack", "TesteBack\TesteBack.csproj", "{EDDC0CBD-1A72-4B63-8CA1-8A6DD034C6B2}"
EndProject
Global
	GlobalSection(SolutionConfigurationPlatforms) = preSolution
		Debug|Any CPU = Debug|Any CPU
		Release|Any CPU = Release|Any CPU
	EndGlobalSection
	GlobalSection(ProjectConfigurationPlatforms) = postSolution
		{EDDC0CBD-1A72-4B63-8CA1-8A6DD034C6B2}.Debug|Any CPU.ActiveCfg = Debug|Any CPU
		{EDDC0CBD-1A72-4B63-8CA1-8A6DD034C6B2}.Debug|Any CPU.Build.0 = Debug|Any CPU
		{EDDC0CBD-1A72-4B63-8CA1-8A6DD034C6B2}.Release|Any CPU.ActiveCfg = Release|Any CPU
		{EDDC0CBD-1A72-4B63-8CA1-8A6DD034C6B2}.Release|Any CPU.Build.0 = Release|Any CPU
	EndGlobalSection
	GlobalSection(SolutionProperties) = preSolution
		HideSolutionNode = FALSE
	EndGlobalSection
	GlobalSection(ExtensibilityGlobals) = postSolution
		SolutionGuid = {43046AD6-3516-49A9-BEBE-B5F338D0BEBB}
	EndGlobalSection
EndGlobal
